<?xml version="1.0" encoding="utf-8"?>
<Project ToolsVersion="4.0" xmlns="http://schemas.microsoft.com/developer/msbuild/2003">
  <ItemGroup>
    <Filter Include="Source Files">
      <UniqueIdentifier>{4FC737F1-C7A5-4376-A066-2A32D752A2FF}</UniqueIdentifier>
      <Extensions>cpp;c;cc;cxx;def;odl;idl;hpj;bat;asm;asmx</Extensions>
    </Filter>
    <Filter Include="Header Files">
      <UniqueIdentifier>{93995380-89BD-4b04-88EB-625FBE52EBFB}</UniqueIdentifier>
      <Extensions>h;hh;hpp;hxx;hm;inl;inc;xsd</Extensions>
    </Filter>
    <Filter Include="Resource Files">
      <UniqueIdentifier>{67DA6AB6-F800-4c08-8B7A-83BB121AAD01}</UniqueIdentifier>
      <Extensions>rc;ico;cur;bmp;dlg;rc2;rct;bin;rgs;gif;jpg;jpeg;jpe;resx;tiff;tif;png;wav;mfcribbon-ms</Extensions>
    </Filter>
    <Filter Include="Source Files\IMU">
      <UniqueIdentifier>{0f92c249-a5e2-4e78-a7e6-4c4e22a761d6}</UniqueIdentifier>
    </Filter>
    <Filter Include="Source Files\IMU\AHRS">
      <UniqueIdentifier>{75e4241c-807d-4562-878c-b73c3e49eae7}</UniqueIdentifier>
    </Filter>
    <Filter Include="Source Files\IMU\InertialSensor">
      <UniqueIdentifier>{750af35d-d3f3-4bbd-bc20-6cff00b97dcd}</UniqueIdentifier>
    </Filter>
    <Filter Include="Source Files\IMU\util">
      <UniqueIdentifier>{d43024a1-8ba9-48ff-84c1-22360bcf8fed}</UniqueIdentifier>
    </Filter>
    <Filter Include="Source Files\utils">
      <UniqueIdentifier>{47e9a7de-d2eb-4fdf-9302-96af6e36b003}</UniqueIdentifier>
    </Filter>
    <Filter Include="Source Files\VideoSource">
      <UniqueIdentifier>{47702763-d167-42fa-b54e-3125abad857b}</UniqueIdentifier>
    </Filter>
  </ItemGroup>
  <ItemGroup>
    <ClCompile Include="..\..\..\svo\src\config.cpp">
      <Filter>Source Files</Filter>
    </ClCompile>
    <ClCompile Include="..\..\..\svo\src\depth_filter.cpp">
      <Filter>Source Files</Filter>
    </ClCompile>
    <ClCompile Include="..\..\..\svo\src\feature_alignment.cpp">
      <Filter>Source Files</Filter>
    </ClCompile>
    <ClCompile Include="..\..\..\svo\src\feature_detection.cpp">
      <Filter>Source Files</Filter>
    </ClCompile>
    <ClCompile Include="..\..\..\svo\src\frame.cpp">
      <Filter>Source Files</Filter>
    </ClCompile>
    <ClCompile Include="..\..\..\svo\src\frame_handler_base.cpp">
      <Filter>Source Files</Filter>
    </ClCompile>
    <ClCompile Include="..\..\..\svo\src\frame_handler_mono.cpp">
      <Filter>Source Files</Filter>
    </ClCompile>
    <ClCompile Include="..\..\..\svo\src\initialization.cpp">
      <Filter>Source Files</Filter>
    </ClCompile>
    <ClCompile Include="..\..\..\svo\src\map.cpp">
      <Filter>Source Files</Filter>
    </ClCompile>
    <ClCompile Include="..\..\..\svo\src\matcher.cpp">
      <Filter>Source Files</Filter>
    </ClCompile>
    <ClCompile Include="..\..\..\svo\src\point.cpp">
      <Filter>Source Files</Filter>
    </ClCompile>
    <ClCompile Include="..\..\..\svo\src\pose_optimizer.cpp">
      <Filter>Source Files</Filter>
    </ClCompile>
    <ClCompile Include="..\..\..\svo\src\reprojector.cpp">
      <Filter>Source Files</Filter>
    </ClCompile>
    <ClCompile Include="..\..\..\svo\src\sparse_img_align.cpp">
      <Filter>Source Files</Filter>
    </ClCompile>
    <ClCompile Include="..\..\..\svo\src\IMU\DeltaBuffer.cpp">
      <Filter>Source Files\IMU</Filter>
    </ClCompile>
    <ClCompile Include="..\..\..\svo\src\IMU\ImuBuffer.cpp">
      <Filter>Source Files\IMU</Filter>
    </ClCompile>
    <ClCompile Include="..\..\..\svo\src\IMU\ImuEstimator.cpp">
      <Filter>Source Files\IMU</Filter>
    </ClCompile>
    <ClCompile Include="..\..\..\svo\src\IMU\ImuManager.cpp">
      <Filter>Source Files\IMU</Filter>
    </ClCompile>
    <ClCompile Include="..\..\..\svo\src\IMU\ImuSaver.cpp">
      <Filter>Source Files\IMU</Filter>
    </ClCompile>
    <ClCompile Include="..\..\..\svo\src\IMU\OutputBuffer.cpp">
      <Filter>Source Files\IMU</Filter>
    </ClCompile>
    <ClCompile Include="..\..\..\svo\src\IMU\OutputFilter.cpp">
      <Filter>Source Files\IMU</Filter>
    </ClCompile>
    <ClCompile Include="..\..\..\svo\src\IMU\TrackingFilter.cpp">
      <Filter>Source Files\IMU</Filter>
    </ClCompile>
    <ClCompile Include="..\..\..\svo\src\IMU\AHRS\AHRS.cpp">
      <Filter>Source Files\IMU\AHRS</Filter>
    </ClCompile>
    <ClCompile Include="..\..\..\svo\src\IMU\AHRS\AHRS_Device.cpp">
      <Filter>Source Files\IMU\AHRS</Filter>
    </ClCompile>
    <ClCompile Include="..\..\..\svo\src\IMU\AHRS\AHRS_Madgwick.cpp">
      <Filter>Source Files\IMU\AHRS</Filter>
    </ClCompile>
    <ClCompile Include="..\..\..\svo\src\IMU\InertialSensor\InertialSensor.cpp">
      <Filter>Source Files\IMU\InertialSensor</Filter>
    </ClCompile>
    <ClCompile Include="..\..\..\svo\src\IMU\InertialSensor\InertialSensor_Benchmark.cpp">
      <Filter>Source Files\IMU\InertialSensor</Filter>
    </ClCompile>
    <ClCompile Include="..\..\..\svo\src\IMU\InertialSensor\InertialSensor_Dataset.cpp">
      <Filter>Source Files\IMU\InertialSensor</Filter>
    </ClCompile>
    <ClCompile Include="..\..\..\svo\src\IMU\InertialSensor\InertialSensor_ThreeSpace.cpp">
      <Filter>Source Files\IMU\InertialSensor</Filter>
    </ClCompile>
    <ClCompile Include="..\..\..\svo\src\IMU\Utils\MathUtils.cpp">
      <Filter>Source Files\IMU\util</Filter>
    </ClCompile>
    <ClCompile Include="..\..\..\svo\src\util\SLAMContext.cpp">
      <Filter>Source Files\utils</Filter>
    </ClCompile>
    <ClCompile Include="..\..\..\svo\src\VideoSource\VideoSource_Benchmark.cpp">
      <Filter>Source Files\VideoSource</Filter>
    </ClCompile>
    <ClCompile Include="..\..\..\svo\src\VideoSource\VideoSource_CameraLib.cpp">
      <Filter>Source Files\VideoSource</Filter>
    </ClCompile>
    <ClCompile Include="..\..\..\svo\src\VideoSource\VideoSource_Dataset.cpp">
      <Filter>Source Files\VideoSource</Filter>
    </ClCompile>
    <ClCompile Include="..\..\..\svo\src\VideoSource\VideoSource_Fingo.cpp">
      <Filter>Source Files\VideoSource</Filter>
    </ClCompile>
    <ClCompile Include="..\..\..\svo\src\VideoSource\VideoSource_TUM.cpp">
      <Filter>Source Files\VideoSource</Filter>
    </ClCompile>
    <ClCompile Include="..\..\..\svo\src\VideoSource\VideoSourceWebCam.cpp">
      <Filter>Source Files\VideoSource</Filter>
    </ClCompile>
    <ClCompile Include="..\..\..\svo\src\stdafx.cpp">
      <Filter>Source Files</Filter>
    </ClCompile>
    <ClCompile Include="..\..\..\svo\src\slamsystem.cpp">
      <Filter>Source Files</Filter>
    </ClCompile>
    <ClCompile Include="..\..\..\svo\src\util\LogManager.cpp">
      <Filter>Source Files\utils</Filter>
    </ClCompile>
    <ClCompile Include="..\..\..\svo\src\VideoSource\VideoSource_Euroc.cpp">
      <Filter>Source Files\VideoSource</Filter>
    </ClCompile>
  </ItemGroup>
  <ItemGroup>
    <ClInclude Include="..\..\..\svo\include\svo\bundle_adjustment.h">
      <Filter>Header Files</Filter>
    </ClInclude>
    <ClInclude Include="..\..\..\svo\include\svo\config.h">
      <Filter>Header Files</Filter>
    </ClInclude>
    <ClInclude Include="..\..\..\svo\include\svo\depth_filter.h">
      <Filter>Header Files</Filter>
    </ClInclude>
    <ClInclude Include="..\..\..\svo\include\svo\feature.h">
      <Filter>Header Files</Filter>
    </ClInclude>
    <ClInclude Include="..\..\..\svo\include\svo\feature_alignment.h">
      <Filter>Header Files</Filter>
    </ClInclude>
    <ClInclude Include="..\..\..\svo\include\svo\feature_detection.h">
      <Filter>Header Files</Filter>
    </ClInclude>
    <ClInclude Include="..\..\..\svo\include\svo\frame.h">
      <Filter>Header Files</Filter>
    </ClInclude>
    <ClInclude Include="..\..\..\svo\include\svo\frame_handler_base.h">
      <Filter>Header Files</Filter>
    </ClInclude>
    <ClInclude Include="..\..\..\svo\include\svo\frame_handler_mono.h">
      <Filter>Header Files</Filter>
    </ClInclude>
    <ClInclude Include="..\..\..\svo\include\svo\global.h">
      <Filter>Header Files</Filter>
    </ClInclude>
    <ClInclude Include="..\..\..\svo\include\svo\initialization.h">
      <Filter>Header Files</Filter>
    </ClInclude>
    <ClInclude Include="..\..\..\svo\include\svo\map.h">
      <Filter>Header Files</Filter>
    </ClInclude>
    <ClInclude Include="..\..\..\svo\include\svo\matcher.h">
      <Filter>Header Files</Filter>
    </ClInclude>
    <ClInclude Include="..\..\..\svo\include\svo\point.h">
      <Filter>Header Files</Filter>
    </ClInclude>
    <ClInclude Include="..\..\..\svo\include\svo\pose_optimizer.h">
      <Filter>Header Files</Filter>
    </ClInclude>
    <ClInclude Include="..\..\..\svo\include\svo\reprojector.h">
      <Filter>Header Files</Filter>
    </ClInclude>
    <ClInclude Include="..\..\..\svo\include\svo\sparse_img_align.h">
      <Filter>Header Files</Filter>
    </ClInclude>
    <ClInclude Include="..\..\..\svo\src\IMU\DeltaBuffer.h">
      <Filter>Source Files\IMU</Filter>
    </ClInclude>
    <ClInclude Include="..\..\..\svo\src\IMU\ImuBuffer.h">
      <Filter>Source Files\IMU</Filter>
    </ClInclude>
    <ClInclude Include="..\..\..\svo\src\IMU\ImuEstimator.h">
      <Filter>Source Files\IMU</Filter>
    </ClInclude>
    <ClInclude Include="..\..\..\svo\src\IMU\ImuManager.h">
      <Filter>Source Files\IMU</Filter>
    </ClInclude>
    <ClInclude Include="..\..\..\svo\src\IMU\ImuSaver.h">
      <Filter>Source Files\IMU</Filter>
    </ClInclude>
    <ClInclude Include="..\..\..\svo\src\IMU\OutputBuffer.h">
      <Filter>Source Files\IMU</Filter>
    </ClInclude>
    <ClInclude Include="..\..\..\svo\src\IMU\OutputFilter.h">
      <Filter>Source Files\IMU</Filter>
    </ClInclude>
    <ClInclude Include="..\..\..\svo\src\IMU\TrackingFilter.h">
      <Filter>Source Files\IMU</Filter>
    </ClInclude>
    <ClInclude Include="..\..\..\svo\src\IMU\AHRS\AHRS.h">
      <Filter>Source Files\IMU\AHRS</Filter>
    </ClInclude>
    <ClInclude Include="..\..\..\svo\src\IMU\AHRS\AHRS_Device.h">
      <Filter>Source Files\IMU\AHRS</Filter>
    </ClInclude>
    <ClInclude Include="..\..\..\svo\src\IMU\AHRS\AHRS_Madgwick.h">
      <Filter>Source Files\IMU\AHRS</Filter>
    </ClInclude>
    <ClInclude Include="..\..\..\svo\src\IMU\InertialSensor\InertialSensor.h">
      <Filter>Source Files\IMU\InertialSensor</Filter>
    </ClInclude>
    <ClInclude Include="..\..\..\svo\src\IMU\InertialSensor\InertialSensor_Benchmark.h">
      <Filter>Source Files\IMU\InertialSensor</Filter>
    </ClInclude>
    <ClInclude Include="..\..\..\svo\src\IMU\InertialSensor\InertialSensor_Dataset.h">
      <Filter>Source Files\IMU\InertialSensor</Filter>
    </ClInclude>
    <ClInclude Include="..\..\..\svo\src\IMU\InertialSensor\InertialSensor_ThreeSpace.h">
      <Filter>Source Files\IMU\InertialSensor</Filter>
    </ClInclude>
    <ClInclude Include="..\..\..\svo\src\IMU\Utils\MathUtils.h">
      <Filter>Source Files\IMU\util</Filter>
    </ClInclude>
    <ClInclude Include="..\..\..\svo\src\IMU\Utils\RingBuffer.h">
      <Filter>Source Files\IMU\util</Filter>
    </ClInclude>
    <ClInclude Include="..\..\..\svo\src\IMU\Utils\TimeUtils.h">
      <Filter>Source Files\IMU\util</Filter>
    </ClInclude>
    <ClInclude Include="..\..\..\svo\src\IMU\Utils\TypeDefs.h">
      <Filter>Source Files\IMU\util</Filter>
    </ClInclude>
    <ClInclude Include="..\..\..\svo\src\util\SLAMContext.h">
      <Filter>Source Files\utils</Filter>
    </ClInclude>
    <ClInclude Include="..\..\..\svo\src\VideoSource\VideoSource.h">
      <Filter>Source Files\VideoSource</Filter>
    </ClInclude>
    <ClInclude Include="..\..\..\svo\src\VideoSource\VideoSource_Benchmark.h">
      <Filter>Source Files\VideoSource</Filter>
    </ClInclude>
    <ClInclude Include="..\..\..\svo\src\VideoSource\VideoSource_CameraLib.h">
      <Filter>Source Files\VideoSource</Filter>
    </ClInclude>
    <ClInclude Include="..\..\..\svo\src\VideoSource\VideoSource_Dataset.h">
      <Filter>Source Files\VideoSource</Filter>
    </ClInclude>
    <ClInclude Include="..\..\..\svo\src\VideoSource\VideoSource_Fingo.h">
      <Filter>Source Files\VideoSource</Filter>
    </ClInclude>
    <ClInclude Include="..\..\..\svo\src\VideoSource\VideoSource_TUM.h">
      <Filter>Source Files\VideoSource</Filter>
    </ClInclude>
    <ClInclude Include="..\..\..\svo\src\VideoSource\VideoSourceWebCam.h">
      <Filter>Source Files\VideoSource</Filter>
    </ClInclude>
    <ClInclude Include="..\..\..\svo\src\slamsystem.h">
      <Filter>Source Files</Filter>
    </ClInclude>
    <ClInclude Include="..\..\..\svo\src\util\LogManager.h">
      <Filter>Source Files\utils</Filter>
    </ClInclude>
    <ClInclude Include="..\..\..\svo\src\VideoSource\VideoSource_Euroc.h">
      <Filter>Source Files\VideoSource</Filter>
    </ClInclude>
  </ItemGroup>
</Project>